
Microsoft Visual Studio Solution File, Format Version 12.00
# Visual Studio Version 16
VisualStudioVersion = 16.0.30621.155
MinimumVisualStudioVersion = 10.0.40219.1
Project("{2150E333-8FDC-42A3-9474-1A3956D46DE8}") = "src", "src", "{477AD03F-CF46-4D25-988B-C5EF8BE17CFF}"
EndProject
Project("{2150E333-8FDC-42A3-9474-1A3956D46DE8}") = "Catalog", "Catalog", "{1CF73F39-C0BF-4DEF-B0E7-858CEC7AF779}"
EndProject
Project("{9A19103F-16F7-4668-BE54-9A1E7A4F7556}") = "Catalog.API", "src\Catalog\Catalog.API\Catalog.API.csproj", "{6F45F143-5A76-4E72-9564-F35E6AEACEA2}"
EndProject
Project("{E53339B2-1760-4266-BCC7-CA923CBCF16C}") = "docker-compose", "docker-compose.dcproj", "{9D9DD2DD-5803-4974-98D2-B8042FE01F3D}"
EndProject
Project("{2150E333-8FDC-42A3-9474-1A3956D46DE8}") = "Basket", "Basket", "{24E625AF-89C8-4017-9E26-4E4C7BB5EF9A}"
EndProject
Project("{9A19103F-16F7-4668-BE54-9A1E7A4F7556}") = "Basket.API", "src\Basket\Basket.API\Basket.API.csproj", "{3CF14CAD-E1FC-48A2-AC96-FB453D7B0D45}"
	ProjectSection(ProjectDependencies) = postProject
		{E57EA615-FF91-47A0-A5D3-C567B79615F8} = {E57EA615-FF91-47A0-A5D3-C567B79615F8}
	EndProjectSection
EndProject
Project("{2150E333-8FDC-42A3-9474-1A3956D46DE8}") = "Common", "Common", "{2249075A-4AAE-40D2-B605-A9A38ADDBDF3}"
EndProject
Project("{9A19103F-16F7-4668-BE54-9A1E7A4F7556}") = "EventBusRabbitMQ", "src\Common\EventBusRabbitMQ\EventBusRabbitMQ.csproj", "{E57EA615-FF91-47A0-A5D3-C567B79615F8}"
EndProject
Project("{2150E333-8FDC-42A3-9474-1A3956D46DE8}") = "Ordering", "Ordering", "{9FC9CB8C-357C-4921-811F-091364E934EF}"
EndProject
Project("{9A19103F-16F7-4668-BE54-9A1E7A4F7556}") = "Ordering.API", "src\Ordering\Ordering.API\Ordering.API.csproj", "{DA780F98-CD8D-4B84-9F0F-8AC77E596A65}"
	ProjectSection(ProjectDependencies) = postProject
		{E57EA615-FF91-47A0-A5D3-C567B79615F8} = {E57EA615-FF91-47A0-A5D3-C567B79615F8}
		{295A5B6B-CF56-4206-B548-D14B4457E818} = {295A5B6B-CF56-4206-B548-D14B4457E818}
		{39BC5987-1E91-461D-B00D-8A8E1C8C2D93} = {39BC5987-1E91-461D-B00D-8A8E1C8C2D93}
		{CDDDF5B1-21C6-4CA8-8905-28F253E0C511} = {CDDDF5B1-21C6-4CA8-8905-28F253E0C511}
	EndProjectSection
EndProject
Project("{9A19103F-16F7-4668-BE54-9A1E7A4F7556}") = "Ordering.Core", "src\Ordering\Ordering.Core\Ordering.Core.csproj", "{39BC5987-1E91-461D-B00D-8A8E1C8C2D93}"
EndProject
Project("{9A19103F-16F7-4668-BE54-9A1E7A4F7556}") = "Ordering.Infrastructure", "src\Ordering\Ordering.Infrastructure\Ordering.Infrastructure.csproj", "{CDDDF5B1-21C6-4CA8-8905-28F253E0C511}"
	ProjectSection(ProjectDependencies) = postProject
		{39BC5987-1E91-461D-B00D-8A8E1C8C2D93} = {39BC5987-1E91-461D-B00D-8A8E1C8C2D93}
	EndProjectSection
EndProject
Project("{9A19103F-16F7-4668-BE54-9A1E7A4F7556}") = "Ordering.Application", "src\Ordering\Ordering.Application\Ordering.Application.csproj", "{295A5B6B-CF56-4206-B548-D14B4457E818}"
EndProject
Project("{2150E333-8FDC-42A3-9474-1A3956D46DE8}") = "WebApp", "WebApp", "{F78F56FF-9E9A-467F-B464-74B31A326FB1}"
EndProject
Global
	GlobalSection(SolutionConfigurationPlatforms) = preSolution
		Debug|Any CPU = Debug|Any CPU
		Release|Any CPU = Release|Any CPU
	EndGlobalSection
	GlobalSection(ProjectConfigurationPlatforms) = postSolution
		{6F45F143-5A76-4E72-9564-F35E6AEACEA2}.Debug|Any CPU.ActiveCfg = Debug|Any CPU
		{6F45F143-5A76-4E72-9564-F35E6AEACEA2}.Debug|Any CPU.Build.0 = Debug|Any CPU
		{6F45F143-5A76-4E72-9564-F35E6AEACEA2}.Release|Any CPU.ActiveCfg = Release|Any CPU
		{6F45F143-5A76-4E72-9564-F35E6AEACEA2}.Release|Any CPU.Build.0 = Release|Any CPU
		{9D9DD2DD-5803-4974-98D2-B8042FE01F3D}.Debug|Any CPU.ActiveCfg = Debug|Any CPU
		{9D9DD2DD-5803-4974-98D2-B8042FE01F3D}.Debug|Any CPU.Build.0 = Debug|Any CPU
		{9D9DD2DD-5803-4974-98D2-B8042FE01F3D}.Release|Any CPU.ActiveCfg = Release|Any CPU
		{9D9DD2DD-5803-4974-98D2-B8042FE01F3D}.Release|Any CPU.Build.0 = Release|Any CPU
		{3CF14CAD-E1FC-48A2-AC96-FB453D7B0D45}.Debug|Any CPU.ActiveCfg = Debug|Any CPU
		{3CF14CAD-E1FC-48A2-AC96-FB453D7B0D45}.Debug|Any CPU.Build.0 = Debug|Any CPU
		{3CF14CAD-E1FC-48A2-AC96-FB453D7B0D45}.Release|Any CPU.ActiveCfg = Release|Any CPU
		{3CF14CAD-E1FC-48A2-AC96-FB453D7B0D45}.Release|Any CPU.Build.0 = Release|Any CPU
		{E57EA615-FF91-47A0-A5D3-C567B79615F8}.Debug|Any CPU.ActiveCfg = Debug|Any CPU
		{E57EA615-FF91-47A0-A5D3-C567B79615F8}.Debug|Any CPU.Build.0 = Debug|Any CPU
		{E57EA615-FF91-47A0-A5D3-C567B79615F8}.Release|Any CPU.ActiveCfg = Release|Any CPU
		{E57EA615-FF91-47A0-A5D3-C567B79615F8}.Release|Any CPU.Build.0 = Release|Any CPU
		{DA780F98-CD8D-4B84-9F0F-8AC77E596A65}.Debug|Any CPU.ActiveCfg = Debug|Any CPU
		{DA780F98-CD8D-4B84-9F0F-8AC77E596A65}.Debug|Any CPU.Build.0 = Debug|Any CPU
		{DA780F98-CD8D-4B84-9F0F-8AC77E596A65}.Release|Any CPU.ActiveCfg = Release|Any CPU
		{DA780F98-CD8D-4B84-9F0F-8AC77E596A65}.Release|Any CPU.Build.0 = Release|Any CPU
		{39BC5987-1E91-461D-B00D-8A8E1C8C2D93}.Debug|Any CPU.ActiveCfg = Debug|Any CPU
		{39BC5987-1E91-461D-B00D-8A8E1C8C2D93}.Debug|Any CPU.Build.0 = Debug|Any CPU
		{39BC5987-1E91-461D-B00D-8A8E1C8C2D93}.Release|Any CPU.ActiveCfg = Release|Any CPU
		{39BC5987-1E91-461D-B00D-8A8E1C8C2D93}.Release|Any CPU.Build.0 = Release|Any CPU
		{CDDDF5B1-21C6-4CA8-8905-28F253E0C511}.Debug|Any CPU.ActiveCfg = Debug|Any CPU
		{CDDDF5B1-21C6-4CA8-8905-28F253E0C511}.Debug|Any CPU.Build.0 = Debug|Any CPU
		{CDDDF5B1-21C6-4CA8-8905-28F253E0C511}.Release|Any CPU.ActiveCfg = Release|Any CPU
		{CDDDF5B1-21C6-4CA8-8905-28F253E0C511}.Release|Any CPU.Build.0 = Release|Any CPU
		{295A5B6B-CF56-4206-B548-D14B4457E818}.Debug|Any CPU.ActiveCfg = Debug|Any CPU
		{295A5B6B-CF56-4206-B548-D14B4457E818}.Debug|Any CPU.Build.0 = Debug|Any CPU
		{295A5B6B-CF56-4206-B548-D14B4457E818}.Release|Any CPU.ActiveCfg = Release|Any CPU
		{295A5B6B-CF56-4206-B548-D14B4457E818}.Release|Any CPU.Build.0 = Release|Any CPU
	EndGlobalSection
	GlobalSection(SolutionProperties) = preSolution
		HideSolutionNode = FALSE
	EndGlobalSection
	GlobalSection(NestedProjects) = preSolution
		{1CF73F39-C0BF-4DEF-B0E7-858CEC7AF779} = {477AD03F-CF46-4D25-988B-C5EF8BE17CFF}
		{6F45F143-5A76-4E72-9564-F35E6AEACEA2} = {1CF73F39-C0BF-4DEF-B0E7-858CEC7AF779}
		{24E625AF-89C8-4017-9E26-4E4C7BB5EF9A} = {477AD03F-CF46-4D25-988B-C5EF8BE17CFF}
		{3CF14CAD-E1FC-48A2-AC96-FB453D7B0D45} = {24E625AF-89C8-4017-9E26-4E4C7BB5EF9A}
		{2249075A-4AAE-40D2-B605-A9A38ADDBDF3} = {477AD03F-CF46-4D25-988B-C5EF8BE17CFF}
		{E57EA615-FF91-47A0-A5D3-C567B79615F8} = {2249075A-4AAE-40D2-B605-A9A38ADDBDF3}
		{9FC9CB8C-357C-4921-811F-091364E934EF} = {477AD03F-CF46-4D25-988B-C5EF8BE17CFF}
		{DA780F98-CD8D-4B84-9F0F-8AC77E596A65} = {9FC9CB8C-357C-4921-811F-091364E934EF}
		{39BC5987-1E91-461D-B00D-8A8E1C8C2D93} = {9FC9CB8C-357C-4921-811F-091364E934EF}
		{CDDDF5B1-21C6-4CA8-8905-28F253E0C511} = {9FC9CB8C-357C-4921-811F-091364E934EF}
		{295A5B6B-CF56-4206-B548-D14B4457E818} = {9FC9CB8C-357C-4921-811F-091364E934EF}
		{F78F56FF-9E9A-467F-B464-74B31A326FB1} = {477AD03F-CF46-4D25-988B-C5EF8BE17CFF}
	EndGlobalSection
	GlobalSection(ExtensibilityGlobals) = postSolution
		SolutionGuid = {60E6C4C2-3109-4DA9-AB41-08179F36C832}
	EndGlobalSection
EndGlobal
